  "name": "cicero-assistant",
      "name": "cicero-assistant",
      "name": "@cicero/backend",
      "name": "@cicero/frontend",
    "node_modules/@cicero/backend": {
      "resolved": "api",
      "link": true
    },
    "node_modules/@cicero/frontend": {
      "resolved": "client",
      "link": true
    },
